Microsoft Visual Studio Solution File, Format Version 12.00
# Visual Studio Version 17
VisualStudioVersion = 17.5.2.0
MinimumVisualStudioVersion = 10.0.40219.1
Project("{FAE04EC0-301F-11D3-BF4B-00C04F79EFBC}") = "campaign", "campaign.csproj", "{10E76729-FBE1-0F55-9061-09B035C12586}"
EndProject
Global
	GlobalSection(SolutionConfigurationPlatforms) = preSolution
		Debug|Any CPU = Debug|Any CPU
		Release|Any CPU = Release|Any CPU
	EndGlobalSection
	GlobalSection(ProjectConfigurationPlatforms) = postSolution
		{10E76729-FBE1-0F55-9061-09B035C12586}.Debug|Any CPU.ActiveCfg = Debug|Any CPU
		{10E76729-FBE1-0F55-9061-09B035C12586}.Debug|Any CPU.Build.0 = Debug|Any CPU
		{10E76729-FBE1-0F55-9061-09B035C12586}.Release|Any CPU.ActiveCfg = Release|Any CPU
		{10E76729-FBE1-0F55-9061-09B035C12586}.Release|Any CPU.Build.0 = Release|Any CPU
	EndGlobalSection
	GlobalSection(SolutionProperties) = preSolution
		HideSolutionNode = FALSE
	EndGlobalSection
	GlobalSection(ExtensibilityGlobals) = postSolution
		SolutionGuid = {CBAE0D18-7C8E-441F-ABB1-7849B820DF77}
	EndGlobalSection
EndGlobal
